// !$*UTF8*$!
{
	archiveVersion = 1;
	classes = {
	};
	objectVersion = 46;
	objects = {

/* Begin PBXBuildFile section */
		8011FD2A64E519B739E0E507 /* Pods_iFridge_iOS.framework in Frameworks */ = {isa = PBXBuildFile; fileRef = 9663B83C70FC304727CEFE3F /* Pods_iFridge_iOS.framework */; };
		D02541171DB2B80100FBCB22 /* Authenticator.swift in Sources */ = {isa = PBXBuildFile; fileRef = D02541161DB2B80100FBCB22 /* Authenticator.swift */; };
		D02541191DB2BB8200FBCB22 /* UIApplication+Extension.swift in Sources */ = {isa = PBXBuildFile; fileRef = D02541181DB2BB8200FBCB22 /* UIApplication+Extension.swift */; };
		D025411B1DB2BE3D00FBCB22 /* LogInViewController.swift in Sources */ = {isa = PBXBuildFile; fileRef = D025411A1DB2BE3D00FBCB22 /* LogInViewController.swift */; };
		D025411D1DB2CFAC00FBCB22 /* String+Extension.swift in Sources */ = {isa = PBXBuildFile; fileRef = D025411C1DB2CFAC00FBCB22 /* String+Extension.swift */; };
		D02665981DFD7729007C63FB /* iFridge_iOS.xcdatamodeld in Sources */ = {isa = PBXBuildFile; fileRef = D02665961DFD7729007C63FB /* iFridge_iOS.xcdatamodeld */; };
		D026659A1DFD78CB007C63FB /* ProductsDBManager.swift in Sources */ = {isa = PBXBuildFile; fileRef = D02665991DFD78CB007C63FB /* ProductsDBManager.swift */; };
		D026659C1DFD7F10007C63FB /* CDProduct+Extensions.swift in Sources */ = {isa = PBXBuildFile; fileRef = D026659B1DFD7F10007C63FB /* CDProduct+Extensions.swift */; };
		D03192A01DA9200800038E88 /* FridgeApi.swift in Sources */ = {isa = PBXBuildFile; fileRef = D031929F1DA9200800038E88 /* FridgeApi.swift */; };
		D03192A51DA9222100038E88 /* Product.swift in Sources */ = {isa = PBXBuildFile; fileRef = D03192A41DA9222100038E88 /* Product.swift */; };
		D03192A81DA924E800038E88 /* ProductTableViewCell.swift in Sources */ = {isa = PBXBuildFile; fileRef = D03192A71DA924E800038E88 /* ProductTableViewCell.swift */; };
		D03192AB1DA9257100038E88 /* ReusableView.swift in Sources */ = {isa = PBXBuildFile; fileRef = D03192AA1DA9257100038E88 /* ReusableView.swift */; };
		D03F5D651DB28CB60093019B /* ProductDetailsTableViewController.swift in Sources */ = {isa = PBXBuildFile; fileRef = D03F5D641DB28CB60093019B /* ProductDetailsTableViewController.swift */; };
		D0424D3E1DB2721500426938 /* UIViewController+Extension.swift in Sources */ = {isa = PBXBuildFile; fileRef = D0424D3D1DB2721500426938 /* UIViewController+Extension.swift */; };
		D07546291DFDB9EE00EB2E6D /* SyncManager.swift in Sources */ = {isa = PBXBuildFile; fileRef = D07546281DFDB9EE00EB2E6D /* SyncManager.swift */; };
		D075462B1DFDCD5800EB2E6D /* Date+Extensions.swift in Sources */ = {isa = PBXBuildFile; fileRef = D075462A1DFDCD5800EB2E6D /* Date+Extensions.swift */; };
		D0853E3D1DA7BF0300791D00 /* AppDelegate.swift in Sources */ = {isa = PBXBuildFile; fileRef = D0853E3C1DA7BF0300791D00 /* AppDelegate.swift */; };
		D0853E3F1DA7BF0300791D00 /* ProductsTableViewController.swift in Sources */ = {isa = PBXBuildFile; fileRef = D0853E3E1DA7BF0300791D00 /* ProductsTableViewController.swift */; };
		D0853E421DA7BF0300791D00 /* Main.storyboard in Resources */ = {isa = PBXBuildFile; fileRef = D0853E401DA7BF0300791D00 /* Main.storyboard */; };
		D0853E471DA7BF0300791D00 /* Assets.xcassets in Resources */ = {isa = PBXBuildFile; fileRef = D0853E461DA7BF0300791D00 /* Assets.xcassets */; };
		D0853E4A1DA7BF0300791D00 /* LaunchScreen.storyboard in Resources */ = {isa = PBXBuildFile; fileRef = D0853E481DA7BF0300791D00 /* LaunchScreen.storyboard */; };
/* End PBXBuildFile section */

/* Begin PBXFileReference section */
		2D311E2E22346391880F6AEC /* Pods-iFridge-iOS.debug.xcconfig */ = {isa = PBXFileReference; includeInIndex = 1; lastKnownFileType = text.xcconfig; name = "Pods-iFridge-iOS.debug.xcconfig"; path = "Pods/Target Support Files/Pods-iFridge-iOS/Pods-iFridge-iOS.debug.xcconfig"; sourceTree = "<group>"; };
		6AF166F9F0ABD10C7DA29DD4 /* Pods-iFridge-iOS.release.xcconfig */ = {isa = PBXFileReference; includeInIndex = 1; lastKnownFileType = text.xcconfig; name = "Pods-iFridge-iOS.release.xcconfig"; path = "Pods/Target Support Files/Pods-iFridge-iOS/Pods-iFridge-iOS.release.xcconfig"; sourceTree = "<group>"; };
		9663B83C70FC304727CEFE3F /* Pods_iFridge_iOS.framework */ = {isa = PBXFileReference; explicitFileType = wrapper.framework; includeInIndex = 0; path = Pods_iFridge_iOS.framework; sourceTree = BUILT_PRODUCTS_DIR; };
		D02541161DB2B80100FBCB22 /* Authenticator.swift */ = {isa = PBXFileReference; fileEncoding = 4; lastKnownFileType = sourcecode.swift; path = Authenticator.swift; sourceTree = "<group>"; };
		D02541181DB2BB8200FBCB22 /* UIApplication+Extension.swift */ = {isa = PBXFileReference; fileEncoding = 4; lastKnownFileType = sourcecode.swift; path = "UIApplication+Extension.swift"; sourceTree = "<group>"; };
		D025411A1DB2BE3D00FBCB22 /* LogInViewController.swift */ = {isa = PBXFileReference; fileEncoding = 4; lastKnownFileType = sourcecode.swift; path = LogInViewController.swift; sourceTree = "<group>"; };
		D025411C1DB2CFAC00FBCB22 /* String+Extension.swift */ = {isa = PBXFileReference; fileEncoding = 4; lastKnownFileType = sourcecode.swift; path = "String+Extension.swift"; sourceTree = "<group>"; };
		D025411E1DB2D01100FBCB22 /* iFridge-iOS-Bridging-Header.h */ = {isa = PBXFileReference; lastKnownFileType = sourcecode.c.h; path = "iFridge-iOS-Bridging-Header.h"; sourceTree = "<group>"; };
		D02665971DFD7729007C63FB /* iFridge_iOS.xcdatamodel */ = {isa = PBXFileReference; lastKnownFileType = wrapper.xcdatamodel; path = iFridge_iOS.xcdatamodel; sourceTree = "<group>"; };
		D02665991DFD78CB007C63FB /* ProductsDBManager.swift */ = {isa = PBXFileReference; fileEncoding = 4; lastKnownFileType = sourcecode.swift; path = ProductsDBManager.swift; sourceTree = "<group>"; };
		D026659B1DFD7F10007C63FB /* CDProduct+Extensions.swift */ = {isa = PBXFileReference; fileEncoding = 4; lastKnownFileType = sourcecode.swift; path = "CDProduct+Extensions.swift"; sourceTree = "<group>"; };
		D031929F1DA9200800038E88 /* FridgeApi.swift */ = {isa = PBXFileReference; fileEncoding = 4; lastKnownFileType = sourcecode.swift; path = FridgeApi.swift; sourceTree = "<group>"; };
		D03192A41DA9222100038E88 /* Product.swift */ = {isa = PBXFileReference; fileEncoding = 4; lastKnownFileType = sourcecode.swift; path = Product.swift; sourceTree = "<group>"; };
		D03192A71DA924E800038E88 /* ProductTableViewCell.swift */ = {isa = PBXFileReference; fileEncoding = 4; lastKnownFileType = sourcecode.swift; path = ProductTableViewCell.swift; sourceTree = "<group>"; };
		D03192AA1DA9257100038E88 /* ReusableView.swift */ = {isa = PBXFileReference; fileEncoding = 4; lastKnownFileType = sourcecode.swift; path = ReusableView.swift; sourceTree = "<group>"; };
		D03F5D641DB28CB60093019B /* ProductDetailsTableViewController.swift */ = {isa = PBXFileReference; fileEncoding = 4; lastKnownFileType = sourcecode.swift; path = ProductDetailsTableViewController.swift; sourceTree = "<group>"; };
		D0424D3D1DB2721500426938 /* UIViewController+Extension.swift */ = {isa = PBXFileReference; fileEncoding = 4; lastKnownFileType = sourcecode.swift; path = "UIViewController+Extension.swift"; sourceTree = "<group>"; };
		D07546281DFDB9EE00EB2E6D /* SyncManager.swift */ = {isa = PBXFileReference; fileEncoding = 4; lastKnownFileType = sourcecode.swift; path = SyncManager.swift; sourceTree = "<group>"; };
		D075462A1DFDCD5800EB2E6D /* Date+Extensions.swift */ = {isa = PBXFileReference; fileEncoding = 4; lastKnownFileType = sourcecode.swift; path = "Date+Extensions.swift"; sourceTree = "<group>"; };
		D0853E391DA7BF0300791D00 /* iFridge-iOS.app */ = {isa = PBXFileReference; explicitFileType = wrapper.application; includeInIndex = 0; path = "iFridge-iOS.app"; sourceTree = BUILT_PRODUCTS_DIR; };
		D0853E3C1DA7BF0300791D00 /* AppDelegate.swift */ = {isa = PBXFileReference; lastKnownFileType = sourcecode.swift; path = AppDelegate.swift; sourceTree = "<group>"; };
		D0853E3E1DA7BF0300791D00 /* ProductsTableViewController.swift */ = {isa = PBXFileReference; lastKnownFileType = sourcecode.swift; path = ProductsTableViewController.swift; sourceTree = "<group>"; };
		D0853E411DA7BF0300791D00 /* Base */ = {isa = PBXFileReference; lastKnownFileType = file.storyboard; name = Base; path = Base.lproj/Main.storyboard; sourceTree = "<group>"; };
		D0853E461DA7BF0300791D00 /* Assets.xcassets */ = {isa = PBXFileReference; lastKnownFileType = folder.assetcatalog; path = Assets.xcassets; sourceTree = "<group>"; };
		D0853E491DA7BF0300791D00 /* Base */ = {isa = PBXFileReference; lastKnownFileType = file.storyboard; name = Base; path = Base.lproj/LaunchScreen.storyboard; sourceTree = "<group>"; };
		D0853E4B1DA7BF0300791D00 /* Info.plist */ = {isa = PBXFileReference; lastKnownFileType = text.plist.xml; path = Info.plist; sourceTree = "<group>"; };
/* End PBXFileReference section */

/* Begin PBXFrameworksBuildPhase section */
		D0853E361DA7BF0300791D00 /* Frameworks */ = {
			isa = PBXFrameworksBuildPhase;
			buildActionMask = 2147483647;
			files = (
				8011FD2A64E519B739E0E507 /* Pods_iFridge_iOS.framework in Frameworks */,
			);
			runOnlyForDeploymentPostprocessing = 0;
		};
/* End PBXFrameworksBuildPhase section */

/* Begin PBXGroup section */
		6E0EABFDEFDECDC343836492 /* Pods */ = {
			isa = PBXGroup;
			children = (
				2D311E2E22346391880F6AEC /* Pods-iFridge-iOS.debug.xcconfig */,
				6AF166F9F0ABD10C7DA29DD4 /* Pods-iFridge-iOS.release.xcconfig */,
			);
			name = Pods;
			sourceTree = "<group>";
		};
		9A39C0C1D72F3DC8560FB79F /* Frameworks */ = {
			isa = PBXGroup;
			children = (
				9663B83C70FC304727CEFE3F /* Pods_iFridge_iOS.framework */,
			);
			name = Frameworks;
			sourceTree = "<group>";
		};
		D031929A1DA91F0500038E88 /* NetworkLayer */ = {
			isa = PBXGroup;
			children = (
				D03192A11DA921AB00038E88 /* NetworkDataModel */,
				D031929F1DA9200800038E88 /* FridgeApi.swift */,
			);
			path = NetworkLayer;
			sourceTree = "<group>";
		};
		D031929B1DA91F2500038E88 /* DataModel */ = {
			isa = PBXGroup;
			children = (
				D02541161DB2B80100FBCB22 /* Authenticator.swift */,
				D02665991DFD78CB007C63FB /* ProductsDBManager.swift */,
				D07546281DFDB9EE00EB2E6D /* SyncManager.swift */,
				D02665961DFD7729007C63FB /* iFridge_iOS.xcdatamodeld */,
				D026659B1DFD7F10007C63FB /* CDProduct+Extensions.swift */,
			);
			path = DataModel;
			sourceTree = "<group>";
		};
		D031929C1DA91F3600038E88 /* ViewControllers */ = {
			isa = PBXGroup;
			children = (
				D0853E3E1DA7BF0300791D00 /* ProductsTableViewController.swift */,
				D03F5D641DB28CB60093019B /* ProductDetailsTableViewController.swift */,
				D025411A1DB2BE3D00FBCB22 /* LogInViewController.swift */,
			);
			path = ViewControllers;
			sourceTree = "<group>";
		};
		D031929D1DA91F4500038E88 /* Resources */ = {
			isa = PBXGroup;
			children = (
				D0853E461DA7BF0300791D00 /* Assets.xcassets */,
				D0853E4B1DA7BF0300791D00 /* Info.plist */,
				D025411E1DB2D01100FBCB22 /* iFridge-iOS-Bridging-Header.h */,
			);
			path = Resources;
			sourceTree = "<group>";
		};
		D031929E1DA91F5700038E88 /* Storyboards */ = {
			isa = PBXGroup;
			children = (
				D0853E481DA7BF0300791D00 /* LaunchScreen.storyboard */,
				D0853E401DA7BF0300791D00 /* Main.storyboard */,
			);
			path = Storyboards;
			sourceTree = "<group>";
		};
		D03192A11DA921AB00038E88 /* NetworkDataModel */ = {
			isa = PBXGroup;
			children = (
				D03192A41DA9222100038E88 /* Product.swift */,
			);
			path = NetworkDataModel;
			sourceTree = "<group>";
		};
		D03192A61DA924BC00038E88 /* Views */ = {
			isa = PBXGroup;
			children = (
				D03192A71DA924E800038E88 /* ProductTableViewCell.swift */,
			);
			path = Views;
			sourceTree = "<group>";
		};
		D03192A91DA9253500038E88 /* Extensions */ = {
			isa = PBXGroup;
			children = (
				D03192AA1DA9257100038E88 /* ReusableView.swift */,
				D0424D3D1DB2721500426938 /* UIViewController+Extension.swift */,
				D02541181DB2BB8200FBCB22 /* UIApplication+Extension.swift */,
				D025411C1DB2CFAC00FBCB22 /* String+Extension.swift */,
				D075462A1DFDCD5800EB2E6D /* Date+Extensions.swift */,
			);
			path = Extensions;
			sourceTree = "<group>";
		};
		D0853E301DA7BF0300791D00 = {
			isa = PBXGroup;
			children = (
				D0853E3B1DA7BF0300791D00 /* iFridge-iOS */,
				D0853E3A1DA7BF0300791D00 /* Products */,
				6E0EABFDEFDECDC343836492 /* Pods */,
				9A39C0C1D72F3DC8560FB79F /* Frameworks */,
			);
			sourceTree = "<group>";
		};
		D0853E3A1DA7BF0300791D00 /* Products */ = {
			isa = PBXGroup;
			children = (
				D0853E391DA7BF0300791D00 /* iFridge-iOS.app */,
			);
			name = Products;
			sourceTree = "<group>";
		};
		D0853E3B1DA7BF0300791D00 /* iFridge-iOS */ = {
			isa = PBXGroup;
			children = (
				D0853E3C1DA7BF0300791D00 /* AppDelegate.swift */,
				D031929B1DA91F2500038E88 /* DataModel */,
				D03192A91DA9253500038E88 /* Extensions */,
				D031929A1DA91F0500038E88 /* NetworkLayer */,
				D031929D1DA91F4500038E88 /* Resources */,
				D031929E1DA91F5700038E88 /* Storyboards */,
				D031929C1DA91F3600038E88 /* ViewControllers */,
				D03192A61DA924BC00038E88 /* Views */,
			);
			path = "iFridge-iOS";
			sourceTree = "<group>";
		};
/* End PBXGroup section */

/* Begin PBXNativeTarget section */
		D0853E381DA7BF0300791D00 /* iFridge-iOS */ = {
			isa = PBXNativeTarget;
			buildConfigurationList = D0853E4E1DA7BF0300791D00 /* Build configuration list for PBXNativeTarget "iFridge-iOS" */;
			buildPhases = (
				963E22D6572B88F8EC62ADC7 /* [CP] Check Pods Manifest.lock */,
				D0853E351DA7BF0300791D00 /* Sources */,
				D0853E361DA7BF0300791D00 /* Frameworks */,
				D0853E371DA7BF0300791D00 /* Resources */,
				E45BE729E8E3175B14CD5A43 /* [CP] Embed Pods Frameworks */,
				4BFCC5A4E15E3E52BDBD612D /* [CP] Copy Pods Resources */,
			);
			buildRules = (
			);
			dependencies = (
			);
			name = "iFridge-iOS";
			productName = "iFridge-iOS";
			productReference = D0853E391DA7BF0300791D00 /* iFridge-iOS.app */;
			productType = "com.apple.product-type.application";
		};
/* End PBXNativeTarget section */

/* Begin PBXProject section */
		D0853E311DA7BF0300791D00 /* Project object */ = {
			isa = PBXProject;
			attributes = {
				LastSwiftUpdateCheck = 0800;
				LastUpgradeCheck = 0810;
				ORGANIZATIONNAME = MC;
				TargetAttributes = {
					D0853E381DA7BF0300791D00 = {
						CreatedOnToolsVersion = 8.0;
						DevelopmentTeam = V5T4VNV573;
						LastSwiftMigration = 0800;
						ProvisioningStyle = Automatic;
					};
				};
			};
			buildConfigurationList = D0853E341DA7BF0300791D00 /* Build configuration list for PBXProject "iFridge-iOS" */;
			compatibilityVersion = "Xcode 3.2";
			developmentRegion = English;
			hasScannedForEncodings = 0;
			knownRegions = (
				en,
				Base,
			);
			mainGroup = D0853E301DA7BF0300791D00;
			productRefGroup = D0853E3A1DA7BF0300791D00 /* Products */;
			projectDirPath = "";
			projectRoot = "";
			targets = (
				D0853E381DA7BF0300791D00 /* iFridge-iOS */,
			);
		};
/* End PBXProject section */

/* Begin PBXResourcesBuildPhase section */
		D0853E371DA7BF0300791D00 /* Resources */ = {
			isa = PBXResourcesBuildPhase;
			buildActionMask = 2147483647;
			files = (
				D0853E4A1DA7BF0300791D00 /* LaunchScreen.storyboard in Resources */,
				D0853E471DA7BF0300791D00 /* Assets.xcassets in Resources */,
				D0853E421DA7BF0300791D00 /* Main.storyboard in Resources */,
			);
			runOnlyForDeploymentPostprocessing = 0;
		};
/* End PBXResourcesBuildPhase section */

/* Begin PBXShellScriptBuildPhase section */
		4BFCC5A4E15E3E52BDBD612D /* [CP] Copy Pods Resources */ = {
			isa = PBXShellScriptBuildPhase;
			buildActionMask = 2147483647;
			files = (
			);
			inputPaths = (
			);
			name = "[CP] Copy Pods Resources";
			outputPaths = (
			);
			runOnlyForDeploymentPostprocessing = 0;
			shellPath = /bin/sh;
			shellScript = "\"${SRCROOT}/Pods/Target Support Files/Pods-iFridge-iOS/Pods-iFridge-iOS-resources.sh\"\n";
			showEnvVarsInLog = 0;
		};
		963E22D6572B88F8EC62ADC7 /* [CP] Check Pods Manifest.lock */ = {
			isa = PBXShellScriptBuildPhase;
			buildActionMask = 2147483647;
			files = (
			);
			inputPaths = (
			);
			name = "[CP] Check Pods Manifest.lock";
			outputPaths = (
			);
			runOnlyForDeploymentPostprocessing = 0;
			shellPath = /bin/sh;
			shellScript = "diff \"${PODS_ROOT}/../Podfile.lock\" \"${PODS_ROOT}/Manifest.lock\" > /dev/null\nif [ $? != 0 ] ; then\n    # print error to STDERR\n    echo \"error: The sandbox is not in sync with the Podfile.lock. Run 'pod install' or update your CocoaPods installation.\" >&2\n    exit 1\nfi\n";
			showEnvVarsInLog = 0;
		};
		E45BE729E8E3175B14CD5A43 /* [CP] Embed Pods Frameworks */ = {
			isa = PBXShellScriptBuildPhase;
			buildActionMask = 2147483647;
			files = (
			);
			inputPaths = (
			);
			name = "[CP] Embed Pods Frameworks";
			outputPaths = (
			);
			runOnlyForDeploymentPostprocessing = 0;
			shellPath = /bin/sh;
			shellScript = "\"${SRCROOT}/Pods/Target Support Files/Pods-iFridge-iOS/Pods-iFridge-iOS-frameworks.sh\"\n";
			showEnvVarsInLog = 0;
		};
/* End PBXShellScriptBuildPhase section */

/* Begin PBXSourcesBuildPhase section */
		D0853E351DA7BF0300791D00 /* Sources */ = {
			isa = PBXSourcesBuildPhase;
			buildActionMask = 2147483647;
			files = (
				D0424D3E1DB2721500426938 /* UIViewController+Extension.swift in Sources */,
				D02541171DB2B80100FBCB22 /* Authenticator.swift in Sources */,
				D0853E3F1DA7BF0300791D00 /* ProductsTableViewController.swift in Sources */,
				D03192A01DA9200800038E88 /* FridgeApi.swift in Sources */,
				D07546291DFDB9EE00EB2E6D /* SyncManager.swift in Sources */,
				D0853E3D1DA7BF0300791D00 /* AppDelegate.swift in Sources */,
				D025411B1DB2BE3D00FBCB22 /* LogInViewController.swift in Sources */,
				D02665981DFD7729007C63FB /* iFridge_iOS.xcdatamodeld in Sources */,
				D075462B1DFDCD5800EB2E6D /* Date+Extensions.swift in Sources */,
				D026659A1DFD78CB007C63FB /* ProductsDBManager.swift in Sources */,
				D03F5D651DB28CB60093019B /* ProductDetailsTableViewController.swift in Sources */,
				D025411D1DB2CFAC00FBCB22 /* String+Extension.swift in Sources */,
				D03192A51DA9222100038E88 /* Product.swift in Sources */,
				D03192AB1DA9257100038E88 /* ReusableView.swift in Sources */,
				D026659C1DFD7F10007C63FB /* CDProduct+Extensions.swift in Sources */,
				D02541191DB2BB8200FBCB22 /* UIApplication+Extension.swift in Sources */,
				D03192A81DA924E800038E88 /* ProductTableViewCell.swift in Sources */,
			);
			runOnlyForDeploymentPostprocessing = 0;
		};
/* End PBXSourcesBuildPhase section */

/* Begin PBXVariantGroup section */
		D0853E401DA7BF0300791D00 /* Main.storyboard */ = {
			isa = PBXVariantGroup;
			children = (
				D0853E411DA7BF0300791D00 /* Base */,
			);
			name = Main.storyboard;
			sourceTree = "<group>";
		};
		D0853E481DA7BF0300791D00 /* LaunchScreen.storyboard */ = {
			isa = PBXVariantGroup;
			children = (
				D0853E491DA7BF0300791D00 /* Base */,
			);
			name = LaunchScreen.storyboard;
			sourceTree = "<group>";
		};
/* End PBXVariantGroup section */

/* Begin XCBuildConfiguration section */
		D0853E4C1DA7BF0300791D00 /* Debug */ = {
			isa = XCBuildConfiguration;
			buildSettings = {
				ALWAYS_SEARCH_USER_PATHS = NO;
				CLANG_ANALYZER_NONNULL = YES;
				CLANG_CXX_LANGUAGE_STANDARD = "gnu++0x";
				CLANG_CXX_LIBRARY = "libc++";
				CLANG_ENABLE_MODULES = YES;
				CLANG_ENABLE_OBJC_ARC = YES;
				CLANG_WARN_BOOL_CONVERSION = YES;
				CLANG_WARN_CONSTANT_CONVERSION = YES;
				CLANG_WARN_DIRECT_OBJC_ISA_USAGE = YES_ERROR;
				CLANG_WARN_DOCUMENTATION_COMMENTS = YES;
				CLANG_WARN_EMPTY_BODY = YES;
				CLANG_WARN_ENUM_CONVERSION = YES;
				CLANG_WARN_INFINITE_RECURSION = YES;
				CLANG_WARN_INT_CONVERSION = YES;
				CLANG_WARN_OBJC_ROOT_CLASS = YES_ERROR;
				CLANG_WARN_SUSPICIOUS_MOVE = YES;
				CLANG_WARN_SUSPICIOUS_MOVES = YES;
				CLANG_WARN_UNREACHABLE_CODE = YES;
				CLANG_WARN__DUPLICATE_METHOD_MATCH = YES;
				"CODE_SIGN_IDENTITY[sdk=iphoneos*]" = "iPhone Developer";
				COPY_PHASE_STRIP = NO;
				DEBUG_INFORMATION_FORMAT = dwarf;
				ENABLE_STRICT_OBJC_MSGSEND = YES;
				ENABLE_TESTABILITY = YES;
				GCC_C_LANGUAGE_STANDARD = gnu99;
				GCC_DYNAMIC_NO_PIC = NO;
				GCC_NO_COMMON_BLOCKS = YES;
				GCC_OPTIMIZATION_LEVEL = 0;
				GCC_PREPROCESSOR_DEFINITIONS = (
					"DEBUG=1",
					"$(inherited)",
				);
				GCC_WARN_64_TO_32_BIT_CONVERSION = YES;
				GCC_WARN_ABOUT_RETURN_TYPE = YES_ERROR;
				GCC_WARN_UNDECLARED_SELECTOR = YES;
				GCC_WARN_UNINITIALIZED_AUTOS = YES_AGGRESSIVE;
				GCC_WARN_UNUSED_FUNCTION = YES;
				GCC_WARN_UNUSED_VARIABLE = YES;
				IPHONEOS_DEPLOYMENT_TARGET = 10.0;
				MTL_ENABLE_DEBUG_INFO = YES;
				ONLY_ACTIVE_ARCH = YES;
				SDKROOT = iphoneos;
				SWIFT_ACTIVE_COMPILATION_CONDITIONS = DEBUG;
				SWIFT_OPTIMIZATION_LEVEL = "-Onone";
			};
			name = Debug;
		};
		D0853E4D1DA7BF0300791D00 /* Release */ = {
			isa = XCBuildConfiguration;
			buildSettings = {
				ALWAYS_SEARCH_USER_PATHS = NO;
				CLANG_ANALYZER_NONNULL = YES;
				CLANG_CXX_LANGUAGE_STANDARD = "gnu++0x";
				CLANG_CXX_LIBRARY = "libc++";
				CLANG_ENABLE_MODULES = YES;
				CLANG_ENABLE_OBJC_ARC = YES;
				CLANG_WARN_BOOL_CONVERSION = YES;
				CLANG_WARN_CONSTANT_CONVERSION = YES;
				CLANG_WARN_DIRECT_OBJC_ISA_USAGE = YES_ERROR;
				CLANG_WARN_DOCUMENTATION_COMMENTS = YES;
				CLANG_WARN_EMPTY_BODY = YES;
				CLANG_WARN_ENUM_CONVERSION = YES;
				CLANG_WARN_INFINITE_RECURSION = YES;
				CLANG_WARN_INT_CONVERSION = YES;
				CLANG_WARN_OBJC_ROOT_CLASS = YES_ERROR;
				CLANG_WARN_SUSPICIOUS_MOVE = YES;
				CLANG_WARN_SUSPICIOUS_MOVES = YES;
				CLANG_WARN_UNREACHABLE_CODE = YES;
				CLANG_WARN__DUPLICATE_METHOD_MATCH = YES;
				"CODE_SIGN_IDENTITY[sdk=iphoneos*]" = "iPhone Developer";
				COPY_PHASE_STRIP = NO;
				DEBUG_INFORMATION_FORMAT = "dwarf-with-dsym";
				ENABLE_NS_ASSERTIONS = NO;
				ENABLE_STRICT_OBJC_MSGSEND = YES;
				GCC_C_LANGUAGE_STANDARD = gnu99;
				GCC_NO_COMMON_BLOCKS = YES;
				GCC_WARN_64_TO_32_BIT_CONVERSION = YES;
				GCC_WARN_ABOUT_RETURN_TYPE = YES_ERROR;
				GCC_WARN_UNDECLARED_SELECTOR = YES;
				GCC_WARN_UNINITIALIZED_AUTOS = YES_AGGRESSIVE;
				GCC_WARN_UNUSED_FUNCTION = YES;
				GCC_WARN_UNUSED_VARIABLE = YES;
				IPHONEOS_DEPLOYMENT_TARGET = 10.0;
				MTL_ENABLE_DEBUG_INFO = NO;
				SDKROOT = iphoneos;
				SWIFT_OPTIMIZATION_LEVEL = "-Owholemodule";
				VALIDATE_PRODUCT = YES;
			};
			name = Release;
		};
		D0853E4F1DA7BF0300791D00 /* Debug */ = {
			isa = XCBuildConfiguration;
			baseConfigurationReference = 2D311E2E22346391880F6AEC /* Pods-iFridge-iOS.debug.xcconfig */;
			buildSettings = {
				ALWAYS_EMBED_SWIFT_STANDARD_LIBRARIES = YES;
				ASSETCATALOG_COMPILER_APPICON_NAME = AppIcon;
				CLANG_ENABLE_MODULES = YES;
				DEVELOPMENT_TEAM = V5T4VNV573;
				INFOPLIST_FILE = "$(SRCROOT)/iFridge-iOS/Resources/Info.plist";
				LD_RUNPATH_SEARCH_PATHS = "$(inherited) @executable_path/Frameworks";
				PRODUCT_BUNDLE_IDENTIFIER = "com.mc.iFridge-iOS";
				PRODUCT_NAME = "$(TARGET_NAME)";
				SWIFT_OBJC_BRIDGING_HEADER = "iFridge-iOS/Resources/iFridge-iOS-Bridging-Header.h";
				SWIFT_OPTIMIZATION_LEVEL = "-Onone";
				SWIFT_VERSION = 3.0;
			};
			name = Debug;
		};
		D0853E501DA7BF0300791D00 /* Release */ = {
			isa = XCBuildConfiguration;
			baseConfigurationReference = 6AF166F9F0ABD10C7DA29DD4 /* Pods-iFridge-iOS.release.xcconfig */;
			buildSettings = {
				ALWAYS_EMBED_SWIFT_STANDARD_LIBRARIES = YES;
				ASSETCATALOG_COMPILER_APPICON_NAME = AppIcon;
				CLANG_ENABLE_MODULES = YES;
				DEVELOPMENT_TEAM = V5T4VNV573;
				INFOPLIST_FILE = "$(SRCROOT)/iFridge-iOS/Resources/Info.plist";
				LD_RUNPATH_SEARCH_PATHS = "$(inherited) @executable_path/Frameworks";
				PRODUCT_BUNDLE_IDENTIFIER = "com.mc.iFridge-iOS";
				PRODUCT_NAME = "$(TARGET_NAME)";
				SWIFT_OBJC_BRIDGING_HEADER = "iFridge-iOS/Resources/iFridge-iOS-Bridging-Header.h";
				SWIFT_VERSION = 3.0;
			};
			name = Release;
		};
/* End XCBuildConfiguration section */

/* Begin XCConfigurationList section */
		D0853E341DA7BF0300791D00 /* Build configuration list for PBXProject "iFridge-iOS" */ = {
			isa = XCConfigurationList;
			buildConfigurations = (
				D0853E4C1DA7BF0300791D00 /* Debug */,
				D0853E4D1DA7BF0300791D00 /* Release */,
			);
			defaultConfigurationIsVisible = 0;
			defaultConfigurationName = Release;
		};
		D0853E4E1DA7BF0300791D00 /* Build configuration list for PBXNativeTarget "iFridge-iOS" */ = {
			isa = XCConfigurationList;
			buildConfigurations = (
				D0853E4F1DA7BF0300791D00 /* Debug */,
				D0853E501DA7BF0300791D00 /* Release */,
			);
			defaultConfigurationIsVisible = 0;
			defaultConfigurationName = Release;
		};
/* End XCConfigurationList section */

/* Begin XCVersionGroup section */
		D02665961DFD7729007C63FB /* iFridge_iOS.xcdatamodeld */ = {
			isa = XCVersionGroup;
			children = (
				D02665971DFD7729007C63FB /* iFridge_iOS.xcdatamodel */,
			);
			currentVersion = D02665971DFD7729007C63FB /* iFridge_iOS.xcdatamodel */;
			path = iFridge_iOS.xcdatamodeld;
			sourceTree = "<group>";
			versionGroupType = wrapper.xcdatamodel;
		};
/* End XCVersionGroup section */
	};
	rootObject = D0853E311DA7BF0300791D00 /* Project object */;
}
